// !$*UTF8*$!
{
	archiveVersion = 1;
	classes = {};
	objectVersion = 56;
	objects = {
		7616FCAED9B462552A5C45F6 = { isa = PBXFileReference; lastKnownFileType = sourcecode.swift; path = "WhoAmI/App/WhoAmIApp.swift"; sourceTree = SOURCE_ROOT; };
		24C279D8C31673E7C5590156 = { isa = PBXBuildFile; fileRef = 7616FCAED9B462552A5C45F6; };
		EDEFE3F655C702E95D46FF10 = { isa = PBXFileReference; lastKnownFileType = sourcecode.swift; path = "WhoAmI/Design/DesignSystem.swift"; sourceTree = SOURCE_ROOT; };
		12829B2589D254E1FBC33A88 = { isa = PBXBuildFile; fileRef = EDEFE3F655C702E95D46FF10; };
		C3CE7D787BC8D281C46FD07E = { isa = PBXFileReference; lastKnownFileType = sourcecode.swift; path = "WhoAmI/Design/ObservationControls.swift"; sourceTree = SOURCE_ROOT; };
		E06BCF80DF43CBE75F5D094C = { isa = PBXBuildFile; fileRef = C3CE7D787BC8D281C46FD07E; };
		3EF532144F922C5F8F1840EC = { isa = PBXFileReference; lastKnownFileType = sourcecode.swift; path = "WhoAmI/Models/AppStore.swift"; sourceTree = SOURCE_ROOT; };
		665A49EC6DA72781BDCC53E1 = { isa = PBXBuildFile; fileRef = 3EF532144F922C5F8F1840EC; };
		72C54FA1DA238E41C349C511 = { isa = PBXFileReference; lastKnownFileType = sourcecode.swift; path = "WhoAmI/Models/DimensionRecord.swift"; sourceTree = SOURCE_ROOT; };
		C54BE2E3CEF39728C9C5A2C2 = { isa = PBXBuildFile; fileRef = 72C54FA1DA238E41C349C511; };
		F90E85FA90464C39E09871A8 = { isa = PBXFileReference; lastKnownFileType = sourcecode.swift; path = "WhoAmI/Services/RecordArchive.swift"; sourceTree = SOURCE_ROOT; };
		F4938DDFDFD063AA0779942D = { isa = PBXBuildFile; fileRef = F90E85FA90464C39E09871A8; };
		D787DCE5E69245B1D8C799B6 = { isa = PBXFileReference; lastKnownFileType = sourcecode.swift; path = "WhoAmI/Services/SpeechRecorder.swift"; sourceTree = SOURCE_ROOT; };
		12EE846CA4949EE473C8FE19 = { isa = PBXBuildFile; fileRef = D787DCE5E69245B1D8C799B6; };
		2DE8C0B2E3C157CE7199FD49 = { isa = PBXFileReference; lastKnownFileType = sourcecode.swift; path = "WhoAmI/Views/ComparisonView.swift"; sourceTree = SOURCE_ROOT; };
		629D2A89C9467C0B1FEEFAFB = { isa = PBXBuildFile; fileRef = 2DE8C0B2E3C157CE7199FD49; };
		DDD3CEDBD8AAAEFE3F54A0FA = { isa = PBXFileReference; lastKnownFileType = sourcecode.swift; path = "WhoAmI/Views/ComposerView.swift"; sourceTree = SOURCE_ROOT; };
		5017AC8E3E7B8FF2678DB46E = { isa = PBXBuildFile; fileRef = DDD3CEDBD8AAAEFE3F54A0FA; };
		748F98790A9771ACE7360E90 = { isa = PBXFileReference; lastKnownFileType = sourcecode.swift; path = "WhoAmI/Views/DashboardView.swift"; sourceTree = SOURCE_ROOT; };
		0A45E74F15753CE5820DE06C = { isa = PBXBuildFile; fileRef = 748F98790A9771ACE7360E90; };
		DBD093D1F46D0134DA216F7E = { isa = PBXFileReference; lastKnownFileType = sourcecode.swift; path = "WhoAmI/Views/DataTransferView.swift"; sourceTree = SOURCE_ROOT; };
		334E26EC1073D0D56A9523C5 = { isa = PBXBuildFile; fileRef = DBD093D1F46D0134DA216F7E; };
		65281332010133630F1EC072 = { isa = PBXFileReference; lastKnownFileType = sourcecode.swift; path = "WhoAmI/Views/DimensionRecordView.swift"; sourceTree = SOURCE_ROOT; };
		6B853CBB70FEF085411B7660 = { isa = PBXBuildFile; fileRef = 65281332010133630F1EC072; };
		98DB1F9C37CBF785D9579516 = { isa = PBXFileReference; lastKnownFileType = sourcecode.swift; path = "WhoAmI/Views/JournalViews.swift"; sourceTree = SOURCE_ROOT; };
		7443D34E2CBBB34170C57E07 = { isa = PBXBuildFile; fileRef = 98DB1F9C37CBF785D9579516; };
		6B15F2C516DC27E55B5A2A2C = { isa = PBXFileReference; lastKnownFileType = sourcecode.swift; path = "WhoAmI/Views/ProfileViews.swift"; sourceTree = SOURCE_ROOT; };
		4C356FE4310D99AC444FD9B4 = { isa = PBXBuildFile; fileRef = 6B15F2C516DC27E55B5A2A2C; };
		6AD31405E8435A963986AB0C = { isa = PBXFileReference; lastKnownFileType = sourcecode.swift; path = "WhoAmI/Views/ReviewViews.swift"; sourceTree = SOURCE_ROOT; };
		CC831552168FB5D4C22D3756 = { isa = PBXBuildFile; fileRef = 6AD31405E8435A963986AB0C; };
		DDA6DB06CBB6303DD1520B43 = { isa = PBXFileReference; lastKnownFileType = sourcecode.swift; path = "WhoAmI/Views/TodayView.swift"; sourceTree = SOURCE_ROOT; };
		093B0990AA9B064C80562AC2 = { isa = PBXBuildFile; fileRef = DDA6DB06CBB6303DD1520B43; };
		F438A3BC4EA8F81430B2935A = { isa = PBXFileReference; lastKnownFileType = sourcecode.swift; path = "WhoAmIUITests/WhoAmIUITests.swift"; sourceTree = SOURCE_ROOT; };
		35499FDA2A3BC64207A17253 = { isa = PBXBuildFile; fileRef = F438A3BC4EA8F81430B2935A; };
		D8BCCF87FC6FF3707C0CE56C = { isa = PBXFileReference; lastKnownFileType = sourcecode.swift; path = "WhoAmITests/AppStorePreservationTests.swift"; sourceTree = SOURCE_ROOT; };
		B3617FB53D136BA0F46162C5 = { isa = PBXBuildFile; fileRef = D8BCCF87FC6FF3707C0CE56C; };
		5FC59A7CEA781C995FFAB4CE = { isa = PBXFileReference; lastKnownFileType = sourcecode.swift; path = "WhoAmITests/RecordArchiveTests.swift"; sourceTree = SOURCE_ROOT; };
		F34F7282B031D19F41BA76B6 = { isa = PBXBuildFile; fileRef = 5FC59A7CEA781C995FFAB4CE; };
		49830270B0B949E46E3D2BF2 = { isa = PBXFileReference; lastKnownFileType = folder.assetcatalog; path = "WhoAmI/Resources/Assets.xcassets"; sourceTree = SOURCE_ROOT; };
		7549507A5334BD6E970C6D76 = { isa = PBXBuildFile; fileRef = 49830270B0B949E46E3D2BF2; };
		4E783A9E10D2A8ABA38CD11C = { isa = PBXFileReference; explicitFileType = wrapper.application; path = WhoAmI.app; sourceTree = BUILT_PRODUCTS_DIR; };
		6C7CCDEB3609F1FAA874E941 = { isa = PBXFileReference; explicitFileType = wrapper.cfbundle; path = WhoAmIUITests.xctest; sourceTree = BUILT_PRODUCTS_DIR; };
		198AA8EA2A3A4B5640AEA2BE = { isa = PBXFileReference; explicitFileType = wrapper.cfbundle; path = WhoAmITests.xctest; sourceTree = BUILT_PRODUCTS_DIR; };
		FBDC4F23F93125BBEEAE800C = { isa = PBXGroup; children = (4E783A9E10D2A8ABA38CD11C, 6C7CCDEB3609F1FAA874E941, 198AA8EA2A3A4B5640AEA2BE); name = Products; sourceTree = "<group>"; };
		96DC7B6B5526E30EFB51C316 = { isa = PBXGroup; children = (7616FCAED9B462552A5C45F6, EDEFE3F655C702E95D46FF10, C3CE7D787BC8D281C46FD07E, 3EF532144F922C5F8F1840EC, 72C54FA1DA238E41C349C511, F90E85FA90464C39E09871A8, D787DCE5E69245B1D8C799B6, 2DE8C0B2E3C157CE7199FD49, DDD3CEDBD8AAAEFE3F54A0FA, 748F98790A9771ACE7360E90, DBD093D1F46D0134DA216F7E, 65281332010133630F1EC072, 98DB1F9C37CBF785D9579516, 6B15F2C516DC27E55B5A2A2C, 6AD31405E8435A963986AB0C, DDA6DB06CBB6303DD1520B43, 49830270B0B949E46E3D2BF2); name = WhoAmI; sourceTree = "<group>"; };
		E717C295FF9827DFF805D88B = { isa = PBXGroup; children = (F438A3BC4EA8F81430B2935A); name = WhoAmIUITests; sourceTree = "<group>"; };
		0A300DBF3250EDF7A3D43A3C = { isa = PBXGroup; children = (D8BCCF87FC6FF3707C0CE56C, 5FC59A7CEA781C995FFAB4CE); name = WhoAmITests; sourceTree = "<group>"; };
		870B3294C0CBD48AF6BBCC1B = { isa = PBXGroup; children = (96DC7B6B5526E30EFB51C316, E717C295FF9827DFF805D88B, 0A300DBF3250EDF7A3D43A3C, FBDC4F23F93125BBEEAE800C); sourceTree = "<group>"; };
		949D493B91791558E87BC5D7 = { isa = PBXSourcesBuildPhase; buildActionMask = 2147483647; files = (24C279D8C31673E7C5590156, 12829B2589D254E1FBC33A88, E06BCF80DF43CBE75F5D094C, 665A49EC6DA72781BDCC53E1, C54BE2E3CEF39728C9C5A2C2, F4938DDFDFD063AA0779942D, 12EE846CA4949EE473C8FE19, 629D2A89C9467C0B1FEEFAFB, 5017AC8E3E7B8FF2678DB46E, 0A45E74F15753CE5820DE06C, 334E26EC1073D0D56A9523C5, 6B853CBB70FEF085411B7660, 7443D34E2CBBB34170C57E07, 4C356FE4310D99AC444FD9B4, CC831552168FB5D4C22D3756, 093B0990AA9B064C80562AC2); runOnlyForDeploymentPostprocessing = 0; };
		BD92572B49AC16A86614498D = { isa = PBXFrameworksBuildPhase; buildActionMask = 2147483647; files = (); runOnlyForDeploymentPostprocessing = 0; };
		8ECC8B5D05B79F879ACDF1A2 = { isa = PBXResourcesBuildPhase; buildActionMask = 2147483647; files = (7549507A5334BD6E970C6D76); runOnlyForDeploymentPostprocessing = 0; };
		77A03FEE20FE96AD9384861E = { isa = PBXSourcesBuildPhase; buildActionMask = 2147483647; files = (35499FDA2A3BC64207A17253); runOnlyForDeploymentPostprocessing = 0; };
		E05DB79C430AA1B0BA487AFC = { isa = PBXFrameworksBuildPhase; buildActionMask = 2147483647; files = (); runOnlyForDeploymentPostprocessing = 0; };
		D5C76E148680C094C001AC35 = { isa = PBXResourcesBuildPhase; buildActionMask = 2147483647; files = (); runOnlyForDeploymentPostprocessing = 0; };
		5DDB0E64CE5DBFEFCE957171 = { isa = PBXSourcesBuildPhase; buildActionMask = 2147483647; files = (B3617FB53D136BA0F46162C5, F34F7282B031D19F41BA76B6); runOnlyForDeploymentPostprocessing = 0; };
		4EFE369E822A01F5F3097F6E = { isa = PBXFrameworksBuildPhase; buildActionMask = 2147483647; files = (); runOnlyForDeploymentPostprocessing = 0; };
		C9FEA491171BA9854D4C4FFC = { isa = PBXResourcesBuildPhase; buildActionMask = 2147483647; files = (); runOnlyForDeploymentPostprocessing = 0; };
		7E85D4A68785761E1DBB22D8 = { isa = PBXContainerItemProxy; containerPortal = 98F54143AB4E86B28C3AFEE0; proxyType = 1; remoteGlobalIDString = F75109BEB4DD8800DA6B45F8; remoteInfo = WhoAmI; };
		BAE932EF166B50AB877FDC6F = { isa = PBXTargetDependency; target = F75109BEB4DD8800DA6B45F8; targetProxy = 7E85D4A68785761E1DBB22D8; };
		F75109BEB4DD8800DA6B45F8 = { isa = PBXNativeTarget; buildConfigurationList = 4867F1BF372A84237FA0A5A7; buildPhases = (949D493B91791558E87BC5D7, BD92572B49AC16A86614498D, 8ECC8B5D05B79F879ACDF1A2); buildRules = (); dependencies = (); name = WhoAmI; productName = WhoAmI; productReference = 4E783A9E10D2A8ABA38CD11C; productType = "com.apple.product-type.application"; };
		C062A5A4A7F4F37DD90F54CB = { isa = PBXNativeTarget; buildConfigurationList = 19170B56EA5642A46C383F29; buildPhases = (77A03FEE20FE96AD9384861E, E05DB79C430AA1B0BA487AFC, D5C76E148680C094C001AC35); buildRules = (); dependencies = (BAE932EF166B50AB877FDC6F); name = WhoAmIUITests; productName = WhoAmIUITests; productReference = 6C7CCDEB3609F1FAA874E941; productType = "com.apple.product-type.bundle.ui-testing"; };
		A2C1AAABE5CE846EA9429419 = { isa = PBXContainerItemProxy; containerPortal = 98F54143AB4E86B28C3AFEE0; proxyType = 1; remoteGlobalIDString = F75109BEB4DD8800DA6B45F8; remoteInfo = WhoAmI; };
		03C64E9A3C3BED951AC96980 = { isa = PBXTargetDependency; target = F75109BEB4DD8800DA6B45F8; targetProxy = A2C1AAABE5CE846EA9429419; };
		48021BA534050206D31D8AAD = { isa = PBXNativeTarget; buildConfigurationList = E61796AA3886E57C02398BB3; buildPhases = (5DDB0E64CE5DBFEFCE957171, 4EFE369E822A01F5F3097F6E, C9FEA491171BA9854D4C4FFC); buildRules = (); dependencies = (03C64E9A3C3BED951AC96980); name = WhoAmITests; productName = WhoAmITests; productReference = 198AA8EA2A3A4B5640AEA2BE; productType = "com.apple.product-type.bundle.unit-test"; };
		89E1FD6268CC0F221A2BE178 = { isa = XCBuildConfiguration; buildSettings = { SDKROOT = "iphoneos"; IPHONEOS_DEPLOYMENT_TARGET = "17.0"; SWIFT_VERSION = "5.0"; CLANG_ENABLE_MODULES = "YES"; CLANG_ENABLE_OBJC_ARC = "YES"; ENABLE_USER_SCRIPT_SANDBOXING = "YES"; SWIFT_STRICT_CONCURRENCY = "targeted"; SWIFT_OPTIMIZATION_LEVEL = "-Onone"; DEBUG_INFORMATION_FORMAT = "dwarf"; ENABLE_TESTABILITY = "YES"; SWIFT_ACTIVE_COMPILATION_CONDITIONS = "DEBUG"; ONLY_ACTIVE_ARCH = "YES"; }; name = Debug; };
		E6DE6C99132752C914FEF632 = { isa = XCBuildConfiguration; buildSettings = { SDKROOT = "iphoneos"; IPHONEOS_DEPLOYMENT_TARGET = "17.0"; SWIFT_VERSION = "5.0"; CLANG_ENABLE_MODULES = "YES"; CLANG_ENABLE_OBJC_ARC = "YES"; ENABLE_USER_SCRIPT_SANDBOXING = "YES"; SWIFT_STRICT_CONCURRENCY = "targeted"; SWIFT_OPTIMIZATION_LEVEL = "-O"; DEBUG_INFORMATION_FORMAT = "dwarf-with-dsym"; }; name = Release; };
		640DC9EFD529235A8D9E2727 = { isa = XCConfigurationList; buildConfigurations = (89E1FD6268CC0F221A2BE178, E6DE6C99132752C914FEF632); defaultConfigurationIsVisible = 0; defaultConfigurationName = Release; };
		E9B2E96ABC5F6856F2BE79CF = { isa = XCBuildConfiguration; buildSettings = { PRODUCT_BUNDLE_IDENTIFIER = "com.doyoulikelin.whoami"; PRODUCT_NAME = "$(TARGET_NAME)"; GENERATE_INFOPLIST_FILE = "YES"; INFOPLIST_KEY_CFBundleDisplayName = "WhoAmI"; INFOPLIST_KEY_UILaunchScreen_Generation = "YES"; INFOPLIST_KEY_UIApplicationSceneManifest_Generation = "YES"; INFOPLIST_KEY_UISupportedInterfaceOrientations = "UIInterfaceOrientationPortrait"; INFOPLIST_KEY_LSApplicationCategoryType = "public.app-category.lifestyle"; INFOPLIST_KEY_NSMicrophoneUsageDescription = "点击语音记录后，使用麦克风将你的表达转为文字。"; INFOPLIST_KEY_NSSpeechRecognitionUsageDescription = "将语音转换为可编辑的记录。部分设备可能使用 Apple 语音识别服务。"; TARGETED_DEVICE_FAMILY = "1"; CODE_SIGN_STYLE = "Automatic"; ASSETCATALOG_COMPILER_APPICON_NAME = "AppIcon"; CURRENT_PROJECT_VERSION = "2"; MARKETING_VERSION = "0.3.1"; LD_RUNPATH_SEARCH_PATHS = "$(inherited) @executable_path/Frameworks"; SWIFT_EMIT_LOC_STRINGS = "YES"; ENABLE_PREVIEWS = "YES"; }; name = Debug; };
		5A8C91857F674E16E2724F47 = { isa = XCBuildConfiguration; buildSettings = { PRODUCT_BUNDLE_IDENTIFIER = "com.doyoulikelin.whoami"; PRODUCT_NAME = "$(TARGET_NAME)"; GENERATE_INFOPLIST_FILE = "YES"; INFOPLIST_KEY_CFBundleDisplayName = "WhoAmI"; INFOPLIST_KEY_UILaunchScreen_Generation = "YES"; INFOPLIST_KEY_UIApplicationSceneManifest_Generation = "YES"; INFOPLIST_KEY_UISupportedInterfaceOrientations = "UIInterfaceOrientationPortrait"; INFOPLIST_KEY_LSApplicationCategoryType = "public.app-category.lifestyle"; INFOPLIST_KEY_NSMicrophoneUsageDescription = "点击语音记录后，使用麦克风将你的表达转为文字。"; INFOPLIST_KEY_NSSpeechRecognitionUsageDescription = "将语音转换为可编辑的记录。部分设备可能使用 Apple 语音识别服务。"; TARGETED_DEVICE_FAMILY = "1"; CODE_SIGN_STYLE = "Automatic"; ASSETCATALOG_COMPILER_APPICON_NAME = "AppIcon"; CURRENT_PROJECT_VERSION = "2"; MARKETING_VERSION = "0.3.1"; LD_RUNPATH_SEARCH_PATHS = "$(inherited) @executable_path/Frameworks"; SWIFT_EMIT_LOC_STRINGS = "YES"; ENABLE_PREVIEWS = "YES"; }; name = Release; };
		4867F1BF372A84237FA0A5A7 = { isa = XCConfigurationList; buildConfigurations = (E9B2E96ABC5F6856F2BE79CF, 5A8C91857F674E16E2724F47); defaultConfigurationIsVisible = 0; defaultConfigurationName = Release; };
		FCB48D8F88BCDB0ED9FADFD7 = { isa = XCBuildConfiguration; buildSettings = { PRODUCT_BUNDLE_IDENTIFIER = "com.doyoulikelin.whoami.uitests"; PRODUCT_NAME = "$(TARGET_NAME)"; GENERATE_INFOPLIST_FILE = "YES"; TARGETED_DEVICE_FAMILY = "1"; CODE_SIGN_STYLE = "Automatic"; TEST_TARGET_NAME = "WhoAmI"; LD_RUNPATH_SEARCH_PATHS = "$(inherited) @executable_path/Frameworks @loader_path/Frameworks"; }; name = Debug; };
		942EEBBACD6C88CAE7F29B29 = { isa = XCBuildConfiguration; buildSettings = { PRODUCT_BUNDLE_IDENTIFIER = "com.doyoulikelin.whoami.uitests"; PRODUCT_NAME = "$(TARGET_NAME)"; GENERATE_INFOPLIST_FILE = "YES"; TARGETED_DEVICE_FAMILY = "1"; CODE_SIGN_STYLE = "Automatic"; TEST_TARGET_NAME = "WhoAmI"; LD_RUNPATH_SEARCH_PATHS = "$(inherited) @executable_path/Frameworks @loader_path/Frameworks"; }; name = Release; };
		19170B56EA5642A46C383F29 = { isa = XCConfigurationList; buildConfigurations = (FCB48D8F88BCDB0ED9FADFD7, 942EEBBACD6C88CAE7F29B29); defaultConfigurationIsVisible = 0; defaultConfigurationName = Release; };
		AEE072417D1ABB34757C5072 = { isa = XCBuildConfiguration; buildSettings = { PRODUCT_BUNDLE_IDENTIFIER = "com.doyoulikelin.whoami.tests"; PRODUCT_NAME = "$(TARGET_NAME)"; GENERATE_INFOPLIST_FILE = "YES"; TARGETED_DEVICE_FAMILY = "1"; CODE_SIGN_STYLE = "Automatic"; TEST_HOST = "$(BUILT_PRODUCTS_DIR)/WhoAmI.app/WhoAmI"; BUNDLE_LOADER = "$(TEST_HOST)"; LD_RUNPATH_SEARCH_PATHS = "$(inherited) @executable_path/Frameworks @loader_path/Frameworks"; }; name = Debug; };
		9BB52494F7CCFD3DFCED98B0 = { isa = XCBuildConfiguration; buildSettings = { PRODUCT_BUNDLE_IDENTIFIER = "com.doyoulikelin.whoami.tests"; PRODUCT_NAME = "$(TARGET_NAME)"; GENERATE_INFOPLIST_FILE = "YES"; TARGETED_DEVICE_FAMILY = "1"; CODE_SIGN_STYLE = "Automatic"; TEST_HOST = "$(BUILT_PRODUCTS_DIR)/WhoAmI.app/WhoAmI"; BUNDLE_LOADER = "$(TEST_HOST)"; LD_RUNPATH_SEARCH_PATHS = "$(inherited) @executable_path/Frameworks @loader_path/Frameworks"; }; name = Release; };
		E61796AA3886E57C02398BB3 = { isa = XCConfigurationList; buildConfigurations = (AEE072417D1ABB34757C5072, 9BB52494F7CCFD3DFCED98B0); defaultConfigurationIsVisible = 0; defaultConfigurationName = Release; };
		98F54143AB4E86B28C3AFEE0 = { isa = PBXProject; attributes = { BuildIndependentTargetsInParallel = YES; LastUpgradeCheck = 2630; TargetAttributes = { F75109BEB4DD8800DA6B45F8 = { CreatedOnToolsVersion = 26.3; }; C062A5A4A7F4F37DD90F54CB = { CreatedOnToolsVersion = 26.3; TestTargetID = F75109BEB4DD8800DA6B45F8; }; 48021BA534050206D31D8AAD = { CreatedOnToolsVersion = 26.3; TestTargetID = F75109BEB4DD8800DA6B45F8; }; }; }; buildConfigurationList = 640DC9EFD529235A8D9E2727; compatibilityVersion = "Xcode 14.0"; developmentRegion = zh-Hans; hasScannedForEncodings = 0; knownRegions = (en, Base, "zh-Hans"); mainGroup = 870B3294C0CBD48AF6BBCC1B; productRefGroup = FBDC4F23F93125BBEEAE800C; projectDirPath = ""; projectRoot = ""; targets = (F75109BEB4DD8800DA6B45F8, C062A5A4A7F4F37DD90F54CB, 48021BA534050206D31D8AAD); };
	};
	rootObject = 98F54143AB4E86B28C3AFEE0;
}
